// !$*UTF8*$!
{
	archiveVersion = 1;
	classes = {
	};
	objectVersion = 55;
	objects = {

/* Begin PBXBuildFile section */
		7F53DC142789C09C00383C24 /* AppDelegate.swift in Sources */ = {isa = PBXBuildFile; fileRef = 7F53DC132789C09C00383C24 /* AppDelegate.swift */; };
		7F53DC182789C09C00383C24 /* ViewController.swift in Sources */ = {isa = PBXBuildFile; fileRef = 7F53DC172789C09C00383C24 /* ViewController.swift */; };
		7F53DC1E2789C09C00383C24 /* ITworxTask.xcdatamodeld in Sources */ = {isa = PBXBuildFile; fileRef = 7F53DC1C2789C09C00383C24 /* ITworxTask.xcdatamodeld */; };
		7F53DC202789C09E00383C24 /* Assets.xcassets in Resources */ = {isa = PBXBuildFile; fileRef = 7F53DC1F2789C09E00383C24 /* Assets.xcassets */; };
		7F53DC232789C09E00383C24 /* LaunchScreen.storyboard in Resources */ = {isa = PBXBuildFile; fileRef = 7F53DC212789C09E00383C24 /* LaunchScreen.storyboard */; };
		7F53DC2D2789C19300383C24 /* OnBoardingViewController.swift in Sources */ = {isa = PBXBuildFile; fileRef = 7F53DC2B2789C19300383C24 /* OnBoardingViewController.swift */; };
		7F53DC332789C7C600383C24 /* HomeViewController.swift in Sources */ = {isa = PBXBuildFile; fileRef = 7F53DC312789C7C600383C24 /* HomeViewController.swift */; };
		7F53DC342789C7C600383C24 /* HomeViewController.xib in Resources */ = {isa = PBXBuildFile; fileRef = 7F53DC322789C7C600383C24 /* HomeViewController.xib */; };
		7F53DC412789D81F00383C24 /* NewsTableViewCell.swift in Sources */ = {isa = PBXBuildFile; fileRef = 7F53DC3F2789D81F00383C24 /* NewsTableViewCell.swift */; };
		7F53DC422789D81F00383C24 /* NewsTableViewCell.xib in Resources */ = {isa = PBXBuildFile; fileRef = 7F53DC402789D81F00383C24 /* NewsTableViewCell.xib */; };
		7F9D6700278B1E0A0066AD6C /* WelcomeViewController.swift in Sources */ = {isa = PBXBuildFile; fileRef = 7F9D66FE278B1E0A0066AD6C /* WelcomeViewController.swift */; };
		7F9D6701278B1E0A0066AD6C /* WelcomeViewController.xib in Resources */ = {isa = PBXBuildFile; fileRef = 7F9D66FF278B1E0A0066AD6C /* WelcomeViewController.xib */; };
		7F9D6707278B20580066AD6C /* CountrySecBoardViewController.swift in Sources */ = {isa = PBXBuildFile; fileRef = 7F9D6705278B20580066AD6C /* CountrySecBoardViewController.swift */; };
		7F9D6708278B20580066AD6C /* CountrySecBoardViewController.xib in Resources */ = {isa = PBXBuildFile; fileRef = 7F9D6706278B20580066AD6C /* CountrySecBoardViewController.xib */; };
		7F9D670C278B23A80066AD6C /* CountryViewController.swift in Sources */ = {isa = PBXBuildFile; fileRef = 7F9D670A278B23A80066AD6C /* CountryViewController.swift */; };
		7F9D670D278B23A80066AD6C /* CountryViewController.xib in Resources */ = {isa = PBXBuildFile; fileRef = 7F9D670B278B23A80066AD6C /* CountryViewController.xib */; };
		7FC0D1382789E4EC00E8D9B2 /* News.swift in Sources */ = {isa = PBXBuildFile; fileRef = 7FC0D1372789E4EC00E8D9B2 /* News.swift */; };
		7FC0D13A2789E66C00E8D9B2 /* Network.swift in Sources */ = {isa = PBXBuildFile; fileRef = 7FC0D1392789E66C00E8D9B2 /* Network.swift */; };
		7FC0D13C2789E67800E8D9B2 /* API.swift in Sources */ = {isa = PBXBuildFile; fileRef = 7FC0D13B2789E67800E8D9B2 /* API.swift */; };
		7FC0D13E2789E68400E8D9B2 /* ErrorMessage.swift in Sources */ = {isa = PBXBuildFile; fileRef = 7FC0D13D2789E68400E8D9B2 /* ErrorMessage.swift */; };
		7FC0D1402789E69600E8D9B2 /* EndPoint.swift in Sources */ = {isa = PBXBuildFile; fileRef = 7FC0D13F2789E69600E8D9B2 /* EndPoint.swift */; };
		7FEEBCF9278B39CF0045B539 /* GetStartedViewController.swift in Sources */ = {isa = PBXBuildFile; fileRef = 7FEEBCF7278B39CF0045B539 /* GetStartedViewController.swift */; };
		7FEEBCFA278B39CF0045B539 /* GetStartedViewController.xib in Resources */ = {isa = PBXBuildFile; fileRef = 7FEEBCF8278B39CF0045B539 /* GetStartedViewController.xib */; };
		7FEEBCFE278B47E90045B539 /* CategoryTableViewCell.swift in Sources */ = {isa = PBXBuildFile; fileRef = 7FEEBCFC278B47E90045B539 /* CategoryTableViewCell.swift */; };
		7FEEBCFF278B47E90045B539 /* CategoryTableViewCell.xib in Resources */ = {isa = PBXBuildFile; fileRef = 7FEEBCFD278B47E90045B539 /* CategoryTableViewCell.xib */; };
		BC955A3EEB7E8B7C6428FBF4 /* Pods_ITworxTask.framework in Frameworks */ = {isa = PBXBuildFile; fileRef = F4B84C2A395C7ED55D0FCE24 /* Pods_ITworxTask.framework */; };
/* End PBXBuildFile section */

/* Begin PBXFileReference section */
		677300349EE3FF1B9BAC4D12 /* Pods-ITworxTask.release.xcconfig */ = {isa = PBXFileReference; includeInIndex = 1; lastKnownFileType = text.xcconfig; name = "Pods-ITworxTask.release.xcconfig"; path = "Target Support Files/Pods-ITworxTask/Pods-ITworxTask.release.xcconfig"; sourceTree = "<group>"; };
		7F53DC102789C09C00383C24 /* ITworxTask.app */ = {isa = PBXFileReference; explicitFileType = wrapper.application; includeInIndex = 0; path = ITworxTask.app; sourceTree = BUILT_PRODUCTS_DIR; };
		7F53DC132789C09C00383C24 /* AppDelegate.swift */ = {isa = PBXFileReference; lastKnownFileType = sourcecode.swift; path = AppDelegate.swift; sourceTree = "<group>"; };
		7F53DC172789C09C00383C24 /* ViewController.swift */ = {isa = PBXFileReference; lastKnownFileType = sourcecode.swift; path = ViewController.swift; sourceTree = "<group>"; };
		7F53DC1D2789C09C00383C24 /* ITworxTask.xcdatamodel */ = {isa = PBXFileReference; lastKnownFileType = wrapper.xcdatamodel; path = ITworxTask.xcdatamodel; sourceTree = "<group>"; };
		7F53DC1F2789C09E00383C24 /* Assets.xcassets */ = {isa = PBXFileReference; lastKnownFileType = folder.assetcatalog; path = Assets.xcassets; sourceTree = "<group>"; };
		7F53DC222789C09E00383C24 /* Base */ = {isa = PBXFileReference; lastKnownFileType = file.storyboard; name = Base; path = Base.lproj/LaunchScreen.storyboard; sourceTree = "<group>"; };
		7F53DC242789C09E00383C24 /* Info.plist */ = {isa = PBXFileReference; lastKnownFileType = text.plist.xml; path = Info.plist; sourceTree = "<group>"; };
		7F53DC2B2789C19300383C24 /* OnBoardingViewController.swift */ = {isa = PBXFileReference; lastKnownFileType = sourcecode.swift; path = OnBoardingViewController.swift; sourceTree = "<group>"; };
		7F53DC312789C7C600383C24 /* HomeViewController.swift */ = {isa = PBXFileReference; lastKnownFileType = sourcecode.swift; path = HomeViewController.swift; sourceTree = "<group>"; };
		7F53DC322789C7C600383C24 /* HomeViewController.xib */ = {isa = PBXFileReference; lastKnownFileType = file.xib; path = HomeViewController.xib; sourceTree = "<group>"; };
		7F53DC3F2789D81F00383C24 /* NewsTableViewCell.swift */ = {isa = PBXFileReference; lastKnownFileType = sourcecode.swift; path = NewsTableViewCell.swift; sourceTree = "<group>"; };
		7F53DC402789D81F00383C24 /* NewsTableViewCell.xib */ = {isa = PBXFileReference; lastKnownFileType = file.xib; path = NewsTableViewCell.xib; sourceTree = "<group>"; };
		7F9D66FE278B1E0A0066AD6C /* WelcomeViewController.swift */ = {isa = PBXFileReference; lastKnownFileType = sourcecode.swift; path = WelcomeViewController.swift; sourceTree = "<group>"; };
		7F9D66FF278B1E0A0066AD6C /* WelcomeViewController.xib */ = {isa = PBXFileReference; lastKnownFileType = file.xib; path = WelcomeViewController.xib; sourceTree = "<group>"; };
		7F9D6705278B20580066AD6C /* CountrySecBoardViewController.swift */ = {isa = PBXFileReference; lastKnownFileType = sourcecode.swift; path = CountrySecBoardViewController.swift; sourceTree = "<group>"; };
		7F9D6706278B20580066AD6C /* CountrySecBoardViewController.xib */ = {isa = PBXFileReference; lastKnownFileType = file.xib; path = CountrySecBoardViewController.xib; sourceTree = "<group>"; };
		7F9D670A278B23A80066AD6C /* CountryViewController.swift */ = {isa = PBXFileReference; lastKnownFileType = sourcecode.swift; path = CountryViewController.swift; sourceTree = "<group>"; };
		7F9D670B278B23A80066AD6C /* CountryViewController.xib */ = {isa = PBXFileReference; lastKnownFileType = file.xib; path = CountryViewController.xib; sourceTree = "<group>"; };
		7FC0D1372789E4EC00E8D9B2 /* News.swift */ = {isa = PBXFileReference; lastKnownFileType = sourcecode.swift; path = News.swift; sourceTree = "<group>"; };
		7FC0D1392789E66C00E8D9B2 /* Network.swift */ = {isa = PBXFileReference; lastKnownFileType = sourcecode.swift; path = Network.swift; sourceTree = "<group>"; };
		7FC0D13B2789E67800E8D9B2 /* API.swift */ = {isa = PBXFileReference; lastKnownFileType = sourcecode.swift; path = API.swift; sourceTree = "<group>"; };
		7FC0D13D2789E68400E8D9B2 /* ErrorMessage.swift */ = {isa = PBXFileReference; lastKnownFileType = sourcecode.swift; path = ErrorMessage.swift; sourceTree = "<group>"; };
		7FC0D13F2789E69600E8D9B2 /* EndPoint.swift */ = {isa = PBXFileReference; lastKnownFileType = sourcecode.swift; path = EndPoint.swift; sourceTree = "<group>"; };
		7FEEBCF7278B39CF0045B539 /* GetStartedViewController.swift */ = {isa = PBXFileReference; lastKnownFileType = sourcecode.swift; path = GetStartedViewController.swift; sourceTree = "<group>"; };
		7FEEBCF8278B39CF0045B539 /* GetStartedViewController.xib */ = {isa = PBXFileReference; lastKnownFileType = file.xib; path = GetStartedViewController.xib; sourceTree = "<group>"; };
		7FEEBCFC278B47E90045B539 /* CategoryTableViewCell.swift */ = {isa = PBXFileReference; lastKnownFileType = sourcecode.swift; path = CategoryTableViewCell.swift; sourceTree = "<group>"; };
		7FEEBCFD278B47E90045B539 /* CategoryTableViewCell.xib */ = {isa = PBXFileReference; lastKnownFileType = file.xib; path = CategoryTableViewCell.xib; sourceTree = "<group>"; };
		BB4E17DA9BD970220EA09F94 /* Pods-ITworxTask.debug.xcconfig */ = {isa = PBXFileReference; includeInIndex = 1; lastKnownFileType = text.xcconfig; name = "Pods-ITworxTask.debug.xcconfig"; path = "Target Support Files/Pods-ITworxTask/Pods-ITworxTask.debug.xcconfig"; sourceTree = "<group>"; };
		F4B84C2A395C7ED55D0FCE24 /* Pods_ITworxTask.framework */ = {isa = PBXFileReference; explicitFileType = wrapper.framework; includeInIndex = 0; path = Pods_ITworxTask.framework; sourceTree = BUILT_PRODUCTS_DIR; };
/* End PBXFileReference section */

/* Begin PBXFrameworksBuildPhase section */
		7F53DC0D2789C09C00383C24 /* Frameworks */ = {
			isa = PBXFrameworksBuildPhase;
			buildActionMask = 2147483647;
			files = (
				BC955A3EEB7E8B7C6428FBF4 /* Pods_ITworxTask.framework in Frameworks */,
			);
			runOnlyForDeploymentPostprocessing = 0;
		};
/* End PBXFrameworksBuildPhase section */

/* Begin PBXGroup section */
		0BB417CD22165307453F2ECC /* Frameworks */ = {
			isa = PBXGroup;
			children = (
				F4B84C2A395C7ED55D0FCE24 /* Pods_ITworxTask.framework */,
			);
			name = Frameworks;
			sourceTree = "<group>";
		};
		424813EF3C214E5F08FFEBB6 /* Pods */ = {
			isa = PBXGroup;
			children = (
				BB4E17DA9BD970220EA09F94 /* Pods-ITworxTask.debug.xcconfig */,
				677300349EE3FF1B9BAC4D12 /* Pods-ITworxTask.release.xcconfig */,
			);
			path = Pods;
			sourceTree = "<group>";
		};
		7F53DC072789C09C00383C24 = {
			isa = PBXGroup;
			children = (
				7F53DC122789C09C00383C24 /* ITworxTask */,
				7F53DC112789C09C00383C24 /* Products */,
				424813EF3C214E5F08FFEBB6 /* Pods */,
				0BB417CD22165307453F2ECC /* Frameworks */,
			);
			sourceTree = "<group>";
		};
		7F53DC112789C09C00383C24 /* Products */ = {
			isa = PBXGroup;
			children = (
				7F53DC102789C09C00383C24 /* ITworxTask.app */,
			);
			name = Products;
			sourceTree = "<group>";
		};
		7F53DC122789C09C00383C24 /* ITworxTask */ = {
			isa = PBXGroup;
			children = (
				7FC0D1362789E4DB00E8D9B2 /* Model */,
				7F53DC302789C77A00383C24 /* Utilities */,
				7F53DC2F2789C76C00383C24 /* HomeViewController */,
				7F53DC2A2789C17100383C24 /* Onboarding */,
				7F53DC132789C09C00383C24 /* AppDelegate.swift */,
				7F53DC1F2789C09E00383C24 /* Assets.xcassets */,
				7F53DC212789C09E00383C24 /* LaunchScreen.storyboard */,
				7F53DC242789C09E00383C24 /* Info.plist */,
				7F53DC1C2789C09C00383C24 /* ITworxTask.xcdatamodeld */,
			);
			path = ITworxTask;
			sourceTree = "<group>";
		};
		7F53DC2A2789C17100383C24 /* Onboarding */ = {
			isa = PBXGroup;
			children = (
				7F9D6704278B1E3A0066AD6C /* GetStartedVc */,
				7F9D6703278B1E1B0066AD6C /* SecCountryVc */,
				7F9D6702278B1E100066AD6C /* WelcomeVc */,
				7F53DC2B2789C19300383C24 /* OnBoardingViewController.swift */,
				7F53DC172789C09C00383C24 /* ViewController.swift */,
			);
			path = Onboarding;
			sourceTree = "<group>";
		};
		7F53DC2F2789C76C00383C24 /* HomeViewController */ = {
			isa = PBXGroup;
			children = (
				7F53DC3A2789D7BC00383C24 /* HomeNewsCell */,
				7F53DC312789C7C600383C24 /* HomeViewController.swift */,
				7F53DC322789C7C600383C24 /* HomeViewController.xib */,
			);
			path = HomeViewController;
			sourceTree = "<group>";
		};
		7F53DC302789C77A00383C24 /* Utilities */ = {
			isa = PBXGroup;
			children = (
				7FC0D1392789E66C00E8D9B2 /* Network.swift */,
				7FC0D13B2789E67800E8D9B2 /* API.swift */,
				7FC0D13D2789E68400E8D9B2 /* ErrorMessage.swift */,
				7FC0D13F2789E69600E8D9B2 /* EndPoint.swift */,
			);
			path = Utilities;
			sourceTree = "<group>";
		};
		7F53DC3A2789D7BC00383C24 /* HomeNewsCell */ = {
			isa = PBXGroup;
			children = (
				7F53DC3F2789D81F00383C24 /* NewsTableViewCell.swift */,
				7F53DC402789D81F00383C24 /* NewsTableViewCell.xib */,
			);
			path = HomeNewsCell;
			sourceTree = "<group>";
		};
		7F9D6702278B1E100066AD6C /* WelcomeVc */ = {
			isa = PBXGroup;
			children = (
				7F9D66FE278B1E0A0066AD6C /* WelcomeViewController.swift */,
				7F9D66FF278B1E0A0066AD6C /* WelcomeViewController.xib */,
			);
			path = WelcomeVc;
			sourceTree = "<group>";
		};
		7F9D6703278B1E1B0066AD6C /* SecCountryVc */ = {
			isa = PBXGroup;
			children = (
				7F9D6709278B23880066AD6C /* CountryViewController */,
				7F9D6705278B20580066AD6C /* CountrySecBoardViewController.swift */,
				7F9D6706278B20580066AD6C /* CountrySecBoardViewController.xib */,
			);
			path = SecCountryVc;
			sourceTree = "<group>";
		};
		7F9D6704278B1E3A0066AD6C /* GetStartedVc */ = {
			isa = PBXGroup;
			children = (
				7FEEBCFB278B47BA0045B539 /* CategoriesTableViewCell */,
				7FEEBCF7278B39CF0045B539 /* GetStartedViewController.swift */,
				7FEEBCF8278B39CF0045B539 /* GetStartedViewController.xib */,
			);
			path = GetStartedVc;
			sourceTree = "<group>";
		};
		7F9D6709278B23880066AD6C /* CountryViewController */ = {
			isa = PBXGroup;
			children = (
				7F9D670A278B23A80066AD6C /* CountryViewController.swift */,
				7F9D670B278B23A80066AD6C /* CountryViewController.xib */,
			);
			path = CountryViewController;
			sourceTree = "<group>";
		};
		7FC0D1362789E4DB00E8D9B2 /* Model */ = {
			isa = PBXGroup;
			children = (
				7FC0D1372789E4EC00E8D9B2 /* News.swift */,
			);
			path = Model;
			sourceTree = "<group>";
		};
		7FEEBCFB278B47BA0045B539 /* CategoriesTableViewCell */ = {
			isa = PBXGroup;
			children = (
				7FEEBCFC278B47E90045B539 /* CategoryTableViewCell.swift */,
				7FEEBCFD278B47E90045B539 /* CategoryTableViewCell.xib */,
			);
			path = CategoriesTableViewCell;
			sourceTree = "<group>";
		};
/* End PBXGroup section */

/* Begin PBXNativeTarget section */
		7F53DC0F2789C09C00383C24 /* ITworxTask */ = {
			isa = PBXNativeTarget;
			buildConfigurationList = 7F53DC272789C09E00383C24 /* Build configuration list for PBXNativeTarget "ITworxTask" */;
			buildPhases = (
				B4CAB0A5BBB5178537BF1264 /* [CP] Check Pods Manifest.lock */,
				7F53DC0C2789C09C00383C24 /* Sources */,
				7F53DC0D2789C09C00383C24 /* Frameworks */,
				7F53DC0E2789C09C00383C24 /* Resources */,
				94034C7653B25BA19A8E6455 /* [CP] Embed Pods Frameworks */,
			);
			buildRules = (
			);
			dependencies = (
			);
			name = ITworxTask;
			productName = ITworxTask;
			productReference = 7F53DC102789C09C00383C24 /* ITworxTask.app */;
			productType = "com.apple.product-type.application";
		};
/* End PBXNativeTarget section */

/* Begin PBXProject section */
		7F53DC082789C09C00383C24 /* Project object */ = {
			isa = PBXProject;
			attributes = {
				BuildIndependentTargetsInParallel = 1;
				LastSwiftUpdateCheck = 1320;
				LastUpgradeCheck = 1320;
				TargetAttributes = {
					7F53DC0F2789C09C00383C24 = {
						CreatedOnToolsVersion = 13.2.1;
					};
				};
			};
			buildConfigurationList = 7F53DC0B2789C09C00383C24 /* Build configuration list for PBXProject "ITworxTask" */;
			compatibilityVersion = "Xcode 13.0";
			developmentRegion = en;
			hasScannedForEncodings = 0;
			knownRegions = (
				en,
				Base,
			);
			mainGroup = 7F53DC072789C09C00383C24;
			productRefGroup = 7F53DC112789C09C00383C24 /* Products */;
			projectDirPath = "";
			projectRoot = "";
			targets = (
				7F53DC0F2789C09C00383C24 /* ITworxTask */,
			);
		};
/* End PBXProject section */

/* Begin PBXResourcesBuildPhase section */
		7F53DC0E2789C09C00383C24 /* Resources */ = {
			isa = PBXResourcesBuildPhase;
			buildActionMask = 2147483647;
			files = (
				7F9D6708278B20580066AD6C /* CountrySecBoardViewController.xib in Resources */,
				7F9D6701278B1E0A0066AD6C /* WelcomeViewController.xib in Resources */,
				7F9D670D278B23A80066AD6C /* CountryViewController.xib in Resources */,
				7FEEBCFF278B47E90045B539 /* CategoryTableViewCell.xib in Resources */,
				7FEEBCFA278B39CF0045B539 /* GetStartedViewController.xib in Resources */,
				7F53DC232789C09E00383C24 /* LaunchScreen.storyboard in Resources */,
				7F53DC202789C09E00383C24 /* Assets.xcassets in Resources */,
				7F53DC342789C7C600383C24 /* HomeViewController.xib in Resources */,
				7F53DC422789D81F00383C24 /* NewsTableViewCell.xib in Resources */,
			);
			runOnlyForDeploymentPostprocessing = 0;
		};
/* End PBXResourcesBuildPhase section */

/* Begin PBXShellScriptBuildPhase section */
		94034C7653B25BA19A8E6455 /* [CP] Embed Pods Frameworks */ = {
			isa = PBXShellScriptBuildPhase;
			buildActionMask = 2147483647;
			files = (
			);
			inputFileListPaths = (
				"${PODS_ROOT}/Target Support Files/Pods-ITworxTask/Pods-ITworxTask-frameworks-${CONFIGURATION}-input-files.xcfilelist",
			);
			name = "[CP] Embed Pods Frameworks";
			outputFileListPaths = (
				"${PODS_ROOT}/Target Support Files/Pods-ITworxTask/Pods-ITworxTask-frameworks-${CONFIGURATION}-output-files.xcfilelist",
			);
			runOnlyForDeploymentPostprocessing = 0;
			shellPath = /bin/sh;
			shellScript = "\"${PODS_ROOT}/Target Support Files/Pods-ITworxTask/Pods-ITworxTask-frameworks.sh\"\n";
			showEnvVarsInLog = 0;
		};
		B4CAB0A5BBB5178537BF1264 /* [CP] Check Pods Manifest.lock */ = {
			isa = PBXShellScriptBuildPhase;
			buildActionMask = 2147483647;
			files = (
			);
			inputFileListPaths = (
			);
			inputPaths = (
				"${PODS_PODFILE_DIR_PATH}/Podfile.lock",
				"${PODS_ROOT}/Manifest.lock",
			);
			name = "[CP] Check Pods Manifest.lock";
			outputFileListPaths = (
			);
			outputPaths = (
				"$(DERIVED_FILE_DIR)/Pods-ITworxTask-checkManifestLockResult.txt",
			);
			runOnlyForDeploymentPostprocessing = 0;
			shellPath = /bin/sh;
			shellScript = "diff \"${PODS_PODFILE_DIR_PATH}/Podfile.lock\" \"${PODS_ROOT}/Manifest.lock\" > /dev/null\nif [ $? != 0 ] ; then\n    # print error to STDERR\n    echo \"error: The sandbox is not in sync with the Podfile.lock. Run 'pod install' or update your CocoaPods installation.\" >&2\n    exit 1\nfi\n# This output is used by Xcode 'outputs' to avoid re-running this script phase.\necho \"SUCCESS\" > \"${SCRIPT_OUTPUT_FILE_0}\"\n";
			showEnvVarsInLog = 0;
		};
/* End PBXShellScriptBuildPhase section */

/* Begin PBXSourcesBuildPhase section */
		7F53DC0C2789C09C00383C24 /* Sources */ = {
			isa = PBXSourcesBuildPhase;
			buildActionMask = 2147483647;
			files = (
				7F9D6707278B20580066AD6C /* CountrySecBoardViewController.swift in Sources */,
				7F53DC332789C7C600383C24 /* HomeViewController.swift in Sources */,
				7F53DC182789C09C00383C24 /* ViewController.swift in Sources */,
				7FC0D13E2789E68400E8D9B2 /* ErrorMessage.swift in Sources */,
				7FC0D13A2789E66C00E8D9B2 /* Network.swift in Sources */,
				7FC0D1402789E69600E8D9B2 /* EndPoint.swift in Sources */,
				7F53DC412789D81F00383C24 /* NewsTableViewCell.swift in Sources */,
				7FEEBCFE278B47E90045B539 /* CategoryTableViewCell.swift in Sources */,
				7F53DC142789C09C00383C24 /* AppDelegate.swift in Sources */,
				7FC0D1382789E4EC00E8D9B2 /* News.swift in Sources */,
				7FEEBCF9278B39CF0045B539 /* GetStartedViewController.swift in Sources */,
				7F53DC1E2789C09C00383C24 /* ITworxTask.xcdatamodeld in Sources */,
				7F9D6700278B1E0A0066AD6C /* WelcomeViewController.swift in Sources */,
				7F9D670C278B23A80066AD6C /* CountryViewController.swift in Sources */,
				7FC0D13C2789E67800E8D9B2 /* API.swift in Sources */,
				7F53DC2D2789C19300383C24 /* OnBoardingViewController.swift in Sources */,
			);
			runOnlyForDeploymentPostprocessing = 0;
		};
/* End PBXSourcesBuildPhase section */

/* Begin PBXVariantGroup section */
		7F53DC212789C09E00383C24 /* LaunchScreen.storyboard */ = {
			isa = PBXVariantGroup;
			children = (
				7F53DC222789C09E00383C24 /* Base */,
			);
			name = LaunchScreen.storyboard;
			sourceTree = "<group>";
		};
/* End PBXVariantGroup section */

/* Begin XCBuildConfiguration section */
		7F53DC252789C09E00383C24 /* Debug */ = {
			isa = XCBuildConfiguration;
			buildSettings = {
				ALWAYS_SEARCH_USER_PATHS = NO;
				CLANG_ANALYZER_NONNULL = YES;
				CLANG_ANALYZER_NUMBER_OBJECT_CONVERSION = YES_AGGRESSIVE;
				CLANG_CXX_LANGUAGE_STANDARD = "gnu++17";
				CLANG_CXX_LIBRARY = "libc++";
				CLANG_ENABLE_MODULES = YES;
				CLANG_ENABLE_OBJC_ARC = YES;
				CLANG_ENABLE_OBJC_WEAK = YES;
				CLANG_WARN_BLOCK_CAPTURE_AUTORELEASING = YES;
				CLANG_WARN_BOOL_CONVERSION = YES;
				CLANG_WARN_COMMA = YES;
				CLANG_WARN_CONSTANT_CONVERSION = YES;
				CLANG_WARN_DEPRECATED_OBJC_IMPLEMENTATIONS = YES;
				CLANG_WARN_DIRECT_OBJC_ISA_USAGE = YES_ERROR;
				CLANG_WARN_DOCUMENTATION_COMMENTS = YES;
				CLANG_WARN_EMPTY_BODY = YES;
				CLANG_WARN_ENUM_CONVERSION = YES;
				CLANG_WARN_INFINITE_RECURSION = YES;
				CLANG_WARN_INT_CONVERSION = YES;
				CLANG_WARN_NON_LITERAL_NULL_CONVERSION = YES;
				CLANG_WARN_OBJC_IMPLICIT_RETAIN_SELF = YES;
				CLANG_WARN_OBJC_LITERAL_CONVERSION = YES;
				CLANG_WARN_OBJC_ROOT_CLASS = YES_ERROR;
				CLANG_WARN_QUOTED_INCLUDE_IN_FRAMEWORK_HEADER = YES;
				CLANG_WARN_RANGE_LOOP_ANALYSIS = YES;
				CLANG_WARN_STRICT_PROTOTYPES = YES;
				CLANG_WARN_SUSPICIOUS_MOVE = YES;
				CLANG_WARN_UNGUARDED_AVAILABILITY = YES_AGGRESSIVE;
				CLANG_WARN_UNREACHABLE_CODE = YES;
				CLANG_WARN__DUPLICATE_METHOD_MATCH = YES;
				COPY_PHASE_STRIP = NO;
				DEBUG_INFORMATION_FORMAT = dwarf;
				ENABLE_STRICT_OBJC_MSGSEND = YES;
				ENABLE_TESTABILITY = YES;
				GCC_C_LANGUAGE_STANDARD = gnu11;
				GCC_DYNAMIC_NO_PIC = NO;
				GCC_NO_COMMON_BLOCKS = YES;
				GCC_OPTIMIZATION_LEVEL = 0;
				GCC_PREPROCESSOR_DEFINITIONS = (
					"DEBUG=1",
					"$(inherited)",
				);
				GCC_WARN_64_TO_32_BIT_CONVERSION = YES;
				GCC_WARN_ABOUT_RETURN_TYPE = YES_ERROR;
				GCC_WARN_UNDECLARED_SELECTOR = YES;
				GCC_WARN_UNINITIALIZED_AUTOS = YES_AGGRESSIVE;
				GCC_WARN_UNUSED_FUNCTION = YES;
				GCC_WARN_UNUSED_VARIABLE = YES;
				IPHONEOS_DEPLOYMENT_TARGET = 15.2;
				MTL_ENABLE_DEBUG_INFO = INCLUDE_SOURCE;
				MTL_FAST_MATH = YES;
				ONLY_ACTIVE_ARCH = YES;
				SDKROOT = iphoneos;
				SWIFT_ACTIVE_COMPILATION_CONDITIONS = DEBUG;
				SWIFT_OPTIMIZATION_LEVEL = "-Onone";
			};
			name = Debug;
		};
		7F53DC262789C09E00383C24 /* Release */ = {
			isa = XCBuildConfiguration;
			buildSettings = {
				ALWAYS_SEARCH_USER_PATHS = NO;
				CLANG_ANALYZER_NONNULL = YES;
				CLANG_ANALYZER_NUMBER_OBJECT_CONVERSION = YES_AGGRESSIVE;
				CLANG_CXX_LANGUAGE_STANDARD = "gnu++17";
				CLANG_CXX_LIBRARY = "libc++";
				CLANG_ENABLE_MODULES = YES;
				CLANG_ENABLE_OBJC_ARC = YES;
				CLANG_ENABLE_OBJC_WEAK = YES;
				CLANG_WARN_BLOCK_CAPTURE_AUTORELEASING = YES;
				CLANG_WARN_BOOL_CONVERSION = YES;
				CLANG_WARN_COMMA = YES;
				CLANG_WARN_CONSTANT_CONVERSION = YES;
				CLANG_WARN_DEPRECATED_OBJC_IMPLEMENTATIONS = YES;
				CLANG_WARN_DIRECT_OBJC_ISA_USAGE = YES_ERROR;
				CLANG_WARN_DOCUMENTATION_COMMENTS = YES;
				CLANG_WARN_EMPTY_BODY = YES;
				CLANG_WARN_ENUM_CONVERSION = YES;
				CLANG_WARN_INFINITE_RECURSION = YES;
				CLANG_WARN_INT_CONVERSION = YES;
				CLANG_WARN_NON_LITERAL_NULL_CONVERSION = YES;
				CLANG_WARN_OBJC_IMPLICIT_RETAIN_SELF = YES;
				CLANG_WARN_OBJC_LITERAL_CONVERSION = YES;
				CLANG_WARN_OBJC_ROOT_CLASS = YES_ERROR;
				CLANG_WARN_QUOTED_INCLUDE_IN_FRAMEWORK_HEADER = YES;
				CLANG_WARN_RANGE_LOOP_ANALYSIS = YES;
				CLANG_WARN_STRICT_PROTOTYPES = YES;
				CLANG_WARN_SUSPICIOUS_MOVE = YES;
				CLANG_WARN_UNGUARDED_AVAILABILITY = YES_AGGRESSIVE;
				CLANG_WARN_UNREACHABLE_CODE = YES;
				CLANG_WARN__DUPLICATE_METHOD_MATCH = YES;
				COPY_PHASE_STRIP = NO;
				DEBUG_INFORMATION_FORMAT = "dwarf-with-dsym";
				ENABLE_NS_ASSERTIONS = NO;
				ENABLE_STRICT_OBJC_MSGSEND = YES;
				GCC_C_LANGUAGE_STANDARD = gnu11;
				GCC_NO_COMMON_BLOCKS = YES;
				GCC_WARN_64_TO_32_BIT_CONVERSION = YES;
				GCC_WARN_ABOUT_RETURN_TYPE = YES_ERROR;
				GCC_WARN_UNDECLARED_SELECTOR = YES;
				GCC_WARN_UNINITIALIZED_AUTOS = YES_AGGRESSIVE;
				GCC_WARN_UNUSED_FUNCTION = YES;
				GCC_WARN_UNUSED_VARIABLE = YES;
				IPHONEOS_DEPLOYMENT_TARGET = 15.2;
				MTL_ENABLE_DEBUG_INFO = NO;
				MTL_FAST_MATH = YES;
				SDKROOT = iphoneos;
				SWIFT_COMPILATION_MODE = wholemodule;
				SWIFT_OPTIMIZATION_LEVEL = "-O";
				VALIDATE_PRODUCT = YES;
			};
			name = Release;
		};
		7F53DC282789C09E00383C24 /* Debug */ = {
			isa = XCBuildConfiguration;
			baseConfigurationReference = BB4E17DA9BD970220EA09F94 /* Pods-ITworxTask.debug.xcconfig */;
			buildSettings = {
				ASSETCATALOG_COMPILER_APPICON_NAME = AppIcon;
				ASSETCATALOG_COMPILER_GLOBAL_ACCENT_COLOR_NAME = AccentColor;
				CODE_SIGN_STYLE = Automatic;
				CURRENT_PROJECT_VERSION = 1;
				DEVELOPMENT_TEAM = 8632GR7884;
				GENERATE_INFOPLIST_FILE = YES;
				INFOPLIST_FILE = ITworxTask/Info.plist;
				INFOPLIST_KEY_UIApplicationSupportsIndirectInputEvents = YES;
				INFOPLIST_KEY_UILaunchStoryboardName = LaunchScreen;
				INFOPLIST_KEY_UISupportedInterfaceOrientations = UIInterfaceOrientationPortrait;
				INFOPLIST_KEY_UISupportedInterfaceOrientations_iPad = "UIInterfaceOrientationPortrait UIInterfaceOrientationPortraitUpsideDown UIInterfaceOrientationLandscapeLeft UIInterfaceOrientationLandscapeRight";
				INFOPLIST_KEY_UISupportedInterfaceOrientations_iPhone = "UIInterfaceOrientationPortrait UIInterfaceOrientationLandscapeLeft UIInterfaceOrientationLandscapeRight";
				LD_RUNPATH_SEARCH_PATHS = (
					"$(inherited)",
					"@executable_path/Frameworks",
				);
				MARKETING_VERSION = 1.0;
				PRODUCT_BUNDLE_IDENTIFIER = com.Phantom.ITworxTask;
				PRODUCT_NAME = "$(TARGET_NAME)";
				SWIFT_EMIT_LOC_STRINGS = YES;
				SWIFT_VERSION = 5.0;
				TARGETED_DEVICE_FAMILY = 1;
			};
			name = Debug;
		};
		7F53DC292789C09E00383C24 /* Release */ = {
			isa = XCBuildConfiguration;
			baseConfigurationReference = 677300349EE3FF1B9BAC4D12 /* Pods-ITworxTask.release.xcconfig */;
			buildSettings = {
				ASSETCATALOG_COMPILER_APPICON_NAME = AppIcon;
				ASSETCATALOG_COMPILER_GLOBAL_ACCENT_COLOR_NAME = AccentColor;
				CODE_SIGN_STYLE = Automatic;
				CURRENT_PROJECT_VERSION = 1;
				DEVELOPMENT_TEAM = 8632GR7884;
				GENERATE_INFOPLIST_FILE = YES;
				INFOPLIST_FILE = ITworxTask/Info.plist;
				INFOPLIST_KEY_UIApplicationSupportsIndirectInputEvents = YES;
				INFOPLIST_KEY_UILaunchStoryboardName = LaunchScreen;
				INFOPLIST_KEY_UISupportedInterfaceOrientations = UIInterfaceOrientationPortrait;
				INFOPLIST_KEY_UISupportedInterfaceOrientations_iPad = "UIInterfaceOrientationPortrait UIInterfaceOrientationPortraitUpsideDown UIInterfaceOrientationLandscapeLeft UIInterfaceOrientationLandscapeRight";
				INFOPLIST_KEY_UISupportedInterfaceOrientations_iPhone = "UIInterfaceOrientationPortrait UIInterfaceOrientationLandscapeLeft UIInterfaceOrientationLandscapeRight";
				LD_RUNPATH_SEARCH_PATHS = (
					"$(inherited)",
					"@executable_path/Frameworks",
				);
				MARKETING_VERSION = 1.0;
				PRODUCT_BUNDLE_IDENTIFIER = com.Phantom.ITworxTask;
				PRODUCT_NAME = "$(TARGET_NAME)";
				SWIFT_EMIT_LOC_STRINGS = YES;
				SWIFT_VERSION = 5.0;
				TARGETED_DEVICE_FAMILY = 1;
			};
			name = Release;
		};
/* End XCBuildConfiguration section */

/* Begin XCConfigurationList section */
		7F53DC0B2789C09C00383C24 /* Build configuration list for PBXProject "ITworxTask" */ = {
			isa = XCConfigurationList;
			buildConfigurations = (
				7F53DC252789C09E00383C24 /* Debug */,
				7F53DC262789C09E00383C24 /* Release */,
			);
			defaultConfigurationIsVisible = 0;
			defaultConfigurationName = Release;
		};
		7F53DC272789C09E00383C24 /* Build configuration list for PBXNativeTarget "ITworxTask" */ = {
			isa = XCConfigurationList;
			buildConfigurations = (
				7F53DC282789C09E00383C24 /* Debug */,
				7F53DC292789C09E00383C24 /* Release */,
			);
			defaultConfigurationIsVisible = 0;
			defaultConfigurationName = Release;
		};
/* End XCConfigurationList section */

/* Begin XCVersionGroup section */
		7F53DC1C2789C09C00383C24 /* ITworxTask.xcdatamodeld */ = {
			isa = XCVersionGroup;
			children = (
				7F53DC1D2789C09C00383C24 /* ITworxTask.xcdatamodel */,
			);
			currentVersion = 7F53DC1D2789C09C00383C24 /* ITworxTask.xcdatamodel */;
			path = ITworxTask.xcdatamodeld;
			sourceTree = "<group>";
			versionGroupType = wrapper.xcdatamodel;
		};
/* End XCVersionGroup section */
	};
	rootObject = 7F53DC082789C09C00383C24 /* Project object */;
}
